Microsoft Visual Studio Solution File, Format Version 12.00
# Visual Studio Version 16
VisualStudioVersion = 16.0.30621.155
MinimumVisualStudioVersion = 10.0.40219.1
Project("{9A19103F-16F7-4668-BE54-9A1E7A4F7556}") = "ITMO.CScourse.Divider", "ITMO.CScourse.Divider.csproj", "{EA4200E7-C3D1-4CB8-9AD4-489E607949FD}"
EndProject
Project("{FAE04EC0-301F-11D3-BF4B-00C04F79EFBC}") = "ITMO.CScourse.Divider.TestLibrary", "..\ITMO.CScourse.Divider.TestLibrary\ITMO.CScourse.Divider.TestLibrary.csproj", "{87BA8E0D-9E76-406F-8D52-D5F75DCD28FC}"
EndProject
Global
	GlobalSection(SolutionConfigurationPlatforms) = preSolution
		Debug|Any CPU = Debug|Any CPU
		Release|Any CPU = Release|Any CPU
	EndGlobalSection
	GlobalSection(ProjectConfigurationPlatforms) = postSolution
		{EA4200E7-C3D1-4CB8-9AD4-489E607949FD}.Debug|Any CPU.ActiveCfg = Debug|Any CPU
		{EA4200E7-C3D1-4CB8-9AD4-489E607949FD}.Debug|Any CPU.Build.0 = Debug|Any CPU
		{EA4200E7-C3D1-4CB8-9AD4-489E607949FD}.Release|Any CPU.ActiveCfg = Release|Any CPU
		{EA4200E7-C3D1-4CB8-9AD4-489E607949FD}.Release|Any CPU.Build.0 = Release|Any CPU
		{87BA8E0D-9E76-406F-8D52-D5F75DCD28FC}.Debug|Any CPU.ActiveCfg = Debug|Any CPU
		{87BA8E0D-9E76-406F-8D52-D5F75DCD28FC}.Debug|Any CPU.Build.0 = Debug|Any CPU
		{87BA8E0D-9E76-406F-8D52-D5F75DCD28FC}.Release|Any CPU.ActiveCfg = Release|Any CPU
		{87BA8E0D-9E76-406F-8D52-D5F75DCD28FC}.Release|Any CPU.Build.0 = Release|Any CPU
	EndGlobalSection
	GlobalSection(SolutionProperties) = preSolution
		HideSolutionNode = FALSE
	EndGlobalSection
	GlobalSection(ExtensibilityGlobals) = postSolution
		SolutionGuid = {1CD738EA-7557-4F0B-8BC2-0544112D6191}
	EndGlobalSection
EndGlobal
